
Microsoft Visual Studio Solution File, Format Version 12.00
# Visual Studio Version 17
VisualStudioVersion = 17.8.34330.188
MinimumVisualStudioVersion = 10.0.40219.1
Project("{2150E333-8FDC-42A3-9474-1A3956D46DE8}") = "src", "src", "{0503D925-9848-4AF7-8449-DB5360B46717}"
EndProject
Project("{2150E333-8FDC-42A3-9474-1A3956D46DE8}") = "Core", "Core", "{4A89AA33-197B-483C-A2BE-71AB6B9C38BC}"
EndProject
Project("{2150E333-8FDC-42A3-9474-1A3956D46DE8}") = "Infrastructure", "Infrastructure", "{D00427CD-5003-4773-822A-1C89223A27C4}"
EndProject
Project("{2150E333-8FDC-42A3-9474-1A3956D46DE8}") = "Api", "Api", "{308057B3-4DC8-4B50-999D-631F1426EF79}"
EndProject
Project("{9A19103F-16F7-4668-BE54-9A1E7A4F7556}") = "Domain", "Domain\Domain.csproj", "{A25BD0BC-3740-48DC-8704-8A1122F1587D}"
EndProject
Project("{9A19103F-16F7-4668-BE54-9A1E7A4F7556}") = "Application", "Application\Application.csproj", "{B0B2123D-05B2-4BFF-8FA0-E32733D38C18}"
EndProject
Project("{9A19103F-16F7-4668-BE54-9A1E7A4F7556}") = "Persistence", "Persistence\Persistence.csproj", "{8D9FA99B-6B7A-4E1D-97FF-F0396FA48C4F}"
EndProject
Project("{9A19103F-16F7-4668-BE54-9A1E7A4F7556}") = "Presentation", "Presentation\Presentation.csproj", "{7F3EE3FF-521B-4F7B-AF45-020DAD10676E}"
EndProject
Project("{9A19103F-16F7-4668-BE54-9A1E7A4F7556}") = "EInvoiceKSADemo.Helpers", "EInvoiceKSADemo.Helpers\EInvoiceKSADemo.Helpers.csproj", "{38442F49-EB10-4352-A6E8-1893B63BF08B}"
EndProject
Project("{FAE04EC0-301F-11D3-BF4B-00C04F79EFBC}") = "Infrastructure", "Infrastructure\Infrastructure.csproj", "{64DA0AC0-D2A1-4D2B-9F69-8CEBD04EFFBA}"
EndProject
Global
	GlobalSection(SolutionConfigurationPlatforms) = preSolution
		Debug|Any CPU = Debug|Any CPU
		Release|Any CPU = Release|Any CPU
	EndGlobalSection
	GlobalSection(ProjectConfigurationPlatforms) = postSolution
		{A25BD0BC-3740-48DC-8704-8A1122F1587D}.Debug|Any CPU.ActiveCfg = Debug|Any CPU
		{A25BD0BC-3740-48DC-8704-8A1122F1587D}.Debug|Any CPU.Build.0 = Debug|Any CPU
		{A25BD0BC-3740-48DC-8704-8A1122F1587D}.Release|Any CPU.ActiveCfg = Release|Any CPU
		{A25BD0BC-3740-48DC-8704-8A1122F1587D}.Release|Any CPU.Build.0 = Release|Any CPU
		{B0B2123D-05B2-4BFF-8FA0-E32733D38C18}.Debug|Any CPU.ActiveCfg = Debug|Any CPU
		{B0B2123D-05B2-4BFF-8FA0-E32733D38C18}.Debug|Any CPU.Build.0 = Debug|Any CPU
		{B0B2123D-05B2-4BFF-8FA0-E32733D38C18}.Release|Any CPU.ActiveCfg = Release|Any CPU
		{B0B2123D-05B2-4BFF-8FA0-E32733D38C18}.Release|Any CPU.Build.0 = Release|Any CPU
		{8D9FA99B-6B7A-4E1D-97FF-F0396FA48C4F}.Debug|Any CPU.ActiveCfg = Debug|Any CPU
		{8D9FA99B-6B7A-4E1D-97FF-F0396FA48C4F}.Debug|Any CPU.Build.0 = Debug|Any CPU
		{8D9FA99B-6B7A-4E1D-97FF-F0396FA48C4F}.Release|Any CPU.ActiveCfg = Release|Any CPU
		{8D9FA99B-6B7A-4E1D-97FF-F0396FA48C4F}.Release|Any CPU.Build.0 = Release|Any CPU
		{7F3EE3FF-521B-4F7B-AF45-020DAD10676E}.Debug|Any CPU.ActiveCfg = Debug|Any CPU
		{7F3EE3FF-521B-4F7B-AF45-020DAD10676E}.Debug|Any CPU.Build.0 = Debug|Any CPU
		{7F3EE3FF-521B-4F7B-AF45-020DAD10676E}.Release|Any CPU.ActiveCfg = Release|Any CPU
		{7F3EE3FF-521B-4F7B-AF45-020DAD10676E}.Release|Any CPU.Build.0 = Release|Any CPU
		{38442F49-EB10-4352-A6E8-1893B63BF08B}.Debug|Any CPU.ActiveCfg = Debug|Any CPU
		{38442F49-EB10-4352-A6E8-1893B63BF08B}.Debug|Any CPU.Build.0 = Debug|Any CPU
		{38442F49-EB10-4352-A6E8-1893B63BF08B}.Release|Any CPU.ActiveCfg = Release|Any CPU
		{38442F49-EB10-4352-A6E8-1893B63BF08B}.Release|Any CPU.Build.0 = Release|Any CPU
		{64DA0AC0-D2A1-4D2B-9F69-8CEBD04EFFBA}.Debug|Any CPU.ActiveCfg = Debug|Any CPU
		{64DA0AC0-D2A1-4D2B-9F69-8CEBD04EFFBA}.Debug|Any CPU.Build.0 = Debug|Any CPU
		{64DA0AC0-D2A1-4D2B-9F69-8CEBD04EFFBA}.Release|Any CPU.ActiveCfg = Release|Any CPU
		{64DA0AC0-D2A1-4D2B-9F69-8CEBD04EFFBA}.Release|Any CPU.Build.0 = Release|Any CPU
	EndGlobalSection
	GlobalSection(SolutionProperties) = preSolution
		HideSolutionNode = FALSE
	EndGlobalSection
	GlobalSection(NestedProjects) = preSolution
		{4A89AA33-197B-483C-A2BE-71AB6B9C38BC} = {0503D925-9848-4AF7-8449-DB5360B46717}
		{D00427CD-5003-4773-822A-1C89223A27C4} = {0503D925-9848-4AF7-8449-DB5360B46717}
		{308057B3-4DC8-4B50-999D-631F1426EF79} = {0503D925-9848-4AF7-8449-DB5360B46717}
		{A25BD0BC-3740-48DC-8704-8A1122F1587D} = {4A89AA33-197B-483C-A2BE-71AB6B9C38BC}
		{B0B2123D-05B2-4BFF-8FA0-E32733D38C18} = {4A89AA33-197B-483C-A2BE-71AB6B9C38BC}
		{8D9FA99B-6B7A-4E1D-97FF-F0396FA48C4F} = {D00427CD-5003-4773-822A-1C89223A27C4}
		{7F3EE3FF-521B-4F7B-AF45-020DAD10676E} = {308057B3-4DC8-4B50-999D-631F1426EF79}
		{38442F49-EB10-4352-A6E8-1893B63BF08B} = {D00427CD-5003-4773-822A-1C89223A27C4}
		{64DA0AC0-D2A1-4D2B-9F69-8CEBD04EFFBA} = {D00427CD-5003-4773-822A-1C89223A27C4}
	EndGlobalSection
	GlobalSection(ExtensibilityGlobals) = postSolution
		SolutionGuid = {D4C2D61E-A515-4AD1-98B9-099CDC54B5A3}
	EndGlobalSection
EndGlobal
